
Microsoft Visual Studio Solution File, Format Version 12.00
# Visual Studio Version 17
VisualStudioVersion = 17.0.31410.414
MinimumVisualStudioVersion = 10.0.40219.1
Project("{9A19103F-16F7-4668-BE54-9A1E7A4F7556}") = "RayTracing", "RayTracingInOneWeekend\RayTracing.csproj", "{D9F11000-73D8-4794-A19A-3E1C552C6ECA}"
EndProject
Global
	GlobalSection(SolutionConfigurationPlatforms) = preSolution
		Debug|Any CPU = Debug|Any CPU
		Debug|x64 = Debug|x64
		Release|Any CPU = Release|Any CPU
		Release|x64 = Release|x64
	EndGlobalSection
	GlobalSection(ProjectConfigurationPlatforms) = postSolution
		{D9F11000-73D8-4794-A19A-3E1C552C6ECA}.Debug|Any CPU.ActiveCfg = Debug|Any CPU
		{D9F11000-73D8-4794-A19A-3E1C552C6ECA}.Debug|Any CPU.Build.0 = Debug|Any CPU
		{D9F11000-73D8-4794-A19A-3E1C552C6ECA}.Debug|x64.ActiveCfg = Debug|x64
		{D9F11000-73D8-4794-A19A-3E1C552C6ECA}.Debug|x64.Build.0 = Debug|x64
		{D9F11000-73D8-4794-A19A-3E1C552C6ECA}.Release|Any CPU.ActiveCfg = Release|Any CPU
		{D9F11000-73D8-4794-A19A-3E1C552C6ECA}.Release|Any CPU.Build.0 = Release|Any CPU
		{D9F11000-73D8-4794-A19A-3E1C552C6ECA}.Release|x64.ActiveCfg = Release|x64
		{D9F11000-73D8-4794-A19A-3E1C552C6ECA}.Release|x64.Build.0 = Release|x64
	EndGlobalSection
	GlobalSection(SolutionProperties) = preSolution
		HideSolutionNode = FALSE
	EndGlobalSection
	GlobalSection(ExtensibilityGlobals) = postSolution
		SolutionGuid = {1867452C-B699-46F7-8F11-E1994CFA0B64}
	EndGlobalSection
EndGlobal
